# generated by rye
# use `rye lock` or `rye sync` to update this lockfile
#
# last locked with the following flags:
#   pre: false
#   features: []
#   all-features: false

--trusted-host imgweb.gnb.st.com
-e file:.
anyio==3.7.0
asttokens==2.2.1
backcall==0.2.0
certifi==2023.5.7
click==8.1.3
colorama==0.4.6
decorator==5.1.1
distlib==0.3.6
exceptiongroup==1.1.1
executing==1.2.0
h11==0.14.0
httpcore==0.17.2
httpx==0.24.1
idna==3.4
ipython==8.13.2
jedi==0.18.2
json-stream==2.3.0
json-stream-rs-tokenizer==0.4.17
matplotlib-inline==0.1.6
parso==0.8.3
pickleshare==0.7.5
progress==1.6
prompt-toolkit==3.0.38
pubgrub @ file:///Users/jacquinc/Hack/rustine/src/pubgrub-pyo3
pure-eval==0.2.2
pygments==2.15.1
resolve-prototype @ file:///Users/jacquinc/Hack/rustine/src/monotrail-resolve
six==1.16.0
sniffio==1.3.0
stack-data==0.6.2
traitlets==5.9.0
wcwidth==0.2.6
